
Microsoft Visual Studio Solution File, Format Version 12.00
# Visual Studio Version 17
VisualStudioVersion = 17.2.32526.322
MinimumVisualStudioVersion = 10.0.40219.1
Project("{9A19103F-16F7-4668-BE54-9A1E7A4F7556}") = "Tuple", "Tuple\Tuple.csproj", "{278BF477-0468-4BB8-9E6C-49B03744F147}"
EndProject
Project("{9A19103F-16F7-4668-BE54-9A1E7A4F7556}") = "ExtensionMethod", "ExtencionMethod\ExtensionMethod.csproj", "{DBAEC52B-244B-4AC7-81F0-674617442BF0}"
EndProject
Project("{9A19103F-16F7-4668-BE54-9A1E7A4F7556}") = "Collections", "Collections\Collections.csproj", "{09700474-D514-4189-B3E2-1DF7B08B3C61}"
EndProject
Project("{FAE04EC0-301F-11D3-BF4B-00C04F79EFBC}") = "DB", "DB\DB.csproj", "{5153C1C4-7C2B-4932-925C-289279BFC820}"
EndProject
Global
	GlobalSection(SolutionConfigurationPlatforms) = preSolution
		Debug|Any CPU = Debug|Any CPU
		Release|Any CPU = Release|Any CPU
	EndGlobalSection
	GlobalSection(ProjectConfigurationPlatforms) = postSolution
		{278BF477-0468-4BB8-9E6C-49B03744F147}.Debug|Any CPU.ActiveCfg = Debug|Any CPU
		{278BF477-0468-4BB8-9E6C-49B03744F147}.Debug|Any CPU.Build.0 = Debug|Any CPU
		{278BF477-0468-4BB8-9E6C-49B03744F147}.Release|Any CPU.ActiveCfg = Release|Any CPU
		{278BF477-0468-4BB8-9E6C-49B03744F147}.Release|Any CPU.Build.0 = Release|Any CPU
		{DBAEC52B-244B-4AC7-81F0-674617442BF0}.Debug|Any CPU.ActiveCfg = Debug|Any CPU
		{DBAEC52B-244B-4AC7-81F0-674617442BF0}.Debug|Any CPU.Build.0 = Debug|Any CPU
		{DBAEC52B-244B-4AC7-81F0-674617442BF0}.Release|Any CPU.ActiveCfg = Release|Any CPU
		{DBAEC52B-244B-4AC7-81F0-674617442BF0}.Release|Any CPU.Build.0 = Release|Any CPU
		{09700474-D514-4189-B3E2-1DF7B08B3C61}.Debug|Any CPU.ActiveCfg = Debug|Any CPU
		{09700474-D514-4189-B3E2-1DF7B08B3C61}.Debug|Any CPU.Build.0 = Debug|Any CPU
		{09700474-D514-4189-B3E2-1DF7B08B3C61}.Release|Any CPU.ActiveCfg = Release|Any CPU
		{09700474-D514-4189-B3E2-1DF7B08B3C61}.Release|Any CPU.Build.0 = Release|Any CPU
		{5153C1C4-7C2B-4932-925C-289279BFC820}.Debug|Any CPU.ActiveCfg = Debug|Any CPU
		{5153C1C4-7C2B-4932-925C-289279BFC820}.Debug|Any CPU.Build.0 = Debug|Any CPU
		{5153C1C4-7C2B-4932-925C-289279BFC820}.Release|Any CPU.ActiveCfg = Release|Any CPU
		{5153C1C4-7C2B-4932-925C-289279BFC820}.Release|Any CPU.Build.0 = Release|Any CPU
	EndGlobalSection
	GlobalSection(SolutionProperties) = preSolution
		HideSolutionNode = FALSE
	EndGlobalSection
	GlobalSection(ExtensibilityGlobals) = postSolution
		SolutionGuid = {14A21B17-44C8-4035-9305-F951F283A930}
	EndGlobalSection
EndGlobal
