
Microsoft Visual Studio Solution File, Format Version 12.00
# Visual Studio Version 17
VisualStudioVersion = 17.2.32526.322
MinimumVisualStudioVersion = 10.0.40219.1
Project("{9A19103F-16F7-4668-BE54-9A1E7A4F7556}") = "ExtensionMethods", "ExtensionMethods.csproj", "{E69C2682-7D9D-48EA-8E1E-70B43A0AEB87}"
EndProject
Project("{9A19103F-16F7-4668-BE54-9A1E7A4F7556}") = "Tuple", "..\Tuple\Tuple.csproj", "{FB570AF8-C009-4277-914A-A0C19D33113A}"
EndProject
Global
	GlobalSection(SolutionConfigurationPlatforms) = preSolution
		Debug|Any CPU = Debug|Any CPU
		Release|Any CPU = Release|Any CPU
	EndGlobalSection
	GlobalSection(ProjectConfigurationPlatforms) = postSolution
		{E69C2682-7D9D-48EA-8E1E-70B43A0AEB87}.Debug|Any CPU.ActiveCfg = Debug|Any CPU
		{E69C2682-7D9D-48EA-8E1E-70B43A0AEB87}.Debug|Any CPU.Build.0 = Debug|Any CPU
		{E69C2682-7D9D-48EA-8E1E-70B43A0AEB87}.Release|Any CPU.ActiveCfg = Release|Any CPU
		{E69C2682-7D9D-48EA-8E1E-70B43A0AEB87}.Release|Any CPU.Build.0 = Release|Any CPU
		{FB570AF8-C009-4277-914A-A0C19D33113A}.Debug|Any CPU.ActiveCfg = Debug|Any CPU
		{FB570AF8-C009-4277-914A-A0C19D33113A}.Debug|Any CPU.Build.0 = Debug|Any CPU
		{FB570AF8-C009-4277-914A-A0C19D33113A}.Release|Any CPU.ActiveCfg = Release|Any CPU
		{FB570AF8-C009-4277-914A-A0C19D33113A}.Release|Any CPU.Build.0 = Release|Any CPU
	EndGlobalSection
	GlobalSection(SolutionProperties) = preSolution
		HideSolutionNode = FALSE
	EndGlobalSection
	GlobalSection(ExtensibilityGlobals) = postSolution
		SolutionGuid = {14A21B17-44C8-4035-9305-F951F283A930}
	EndGlobalSection
EndGlobal
